
Microsoft Visual Studio Solution File, Format Version 12.00
# Visual Studio Version 16
VisualStudioVersion = 16.0.31613.86
MinimumVisualStudioVersion = 10.0.40219.1
Project("{FAE04EC0-301F-11D3-BF4B-00C04F79EFBC}") = "WinFormsApp1", "WinFormsApp1.csproj", "{58AD5B9F-5DDC-4B28-9700-B554EEF2E4AE}"
EndProject
Global
	GlobalSection(SolutionConfigurationPlatforms) = preSolution
		Debug|Any CPU = Debug|Any CPU
		Release|Any CPU = Release|Any CPU
	EndGlobalSection
	GlobalSection(ProjectConfigurationPlatforms) = postSolution
		{58AD5B9F-5DDC-4B28-9700-B554EEF2E4AE}.Debug|Any CPU.ActiveCfg = Debug|Any CPU
		{58AD5B9F-5DDC-4B28-9700-B554EEF2E4AE}.Debug|Any CPU.Build.0 = Debug|Any CPU
		{58AD5B9F-5DDC-4B28-9700-B554EEF2E4AE}.Release|Any CPU.ActiveCfg = Release|Any CPU
		{58AD5B9F-5DDC-4B28-9700-B554EEF2E4AE}.Release|Any CPU.Build.0 = Release|Any CPU
	EndGlobalSection
	GlobalSection(SolutionProperties) = preSolution
		HideSolutionNode = FALSE
	EndGlobalSection
	GlobalSection(ExtensibilityGlobals) = postSolution
		SolutionGuid = {BDC8B620-D3D4-4140-A863-8A914BF9CAF6}
	EndGlobalSection
EndGlobal
